
Microsoft Visual Studio Solution File, Format Version 12.00
# Visual Studio Version 17
VisualStudioVersion = 17.3.32825.248
MinimumVisualStudioVersion = 10.0.40219.1
Project("{9A19103F-16F7-4668-BE54-9A1E7A4F7556}") = "AnimalFarm", "AnimalFarm\AnimalFarm.csproj", "{9F3A2AD9-BD29-4728-B2DE-DF94C86E5B2B}"
EndProject
Project("{9A19103F-16F7-4668-BE54-9A1E7A4F7556}") = "ClassBoxData", "1.ClassBoxData\ClassBoxData.csproj", "{1B03BBCE-3568-4B17-8994-3F9DA9215331}"
EndProject
Project("{9A19103F-16F7-4668-BE54-9A1E7A4F7556}") = "ShoppingSpree", "ShoppingSpree\ShoppingSpree.csproj", "{3134B362-A44B-4324-B196-EC4BE6FAF421}"
EndProject
Project("{FAE04EC0-301F-11D3-BF4B-00C04F79EFBC}") = "PizzaCalories", "PizzaCalories\PizzaCalories.csproj", "{E5D1CE50-81FE-426D-9584-F5054B3CE2A6}"
EndProject
Project("{FAE04EC0-301F-11D3-BF4B-00C04F79EFBC}") = "FootballTeamGenerator", "FootballTeamGenerator\FootballTeamGenerator.csproj", "{957D7D41-0539-431A-8B23-844F957B54B5}"
EndProject
Global
	GlobalSection(SolutionConfigurationPlatforms) = preSolution
		Debug|Any CPU = Debug|Any CPU
		Release|Any CPU = Release|Any CPU
	EndGlobalSection
	GlobalSection(ProjectConfigurationPlatforms) = postSolution
		{9F3A2AD9-BD29-4728-B2DE-DF94C86E5B2B}.Debug|Any CPU.ActiveCfg = Debug|Any CPU
		{9F3A2AD9-BD29-4728-B2DE-DF94C86E5B2B}.Debug|Any CPU.Build.0 = Debug|Any CPU
		{9F3A2AD9-BD29-4728-B2DE-DF94C86E5B2B}.Release|Any CPU.ActiveCfg = Release|Any CPU
		{9F3A2AD9-BD29-4728-B2DE-DF94C86E5B2B}.Release|Any CPU.Build.0 = Release|Any CPU
		{1B03BBCE-3568-4B17-8994-3F9DA9215331}.Debug|Any CPU.ActiveCfg = Debug|Any CPU
		{1B03BBCE-3568-4B17-8994-3F9DA9215331}.Debug|Any CPU.Build.0 = Debug|Any CPU
		{1B03BBCE-3568-4B17-8994-3F9DA9215331}.Release|Any CPU.ActiveCfg = Release|Any CPU
		{1B03BBCE-3568-4B17-8994-3F9DA9215331}.Release|Any CPU.Build.0 = Release|Any CPU
		{3134B362-A44B-4324-B196-EC4BE6FAF421}.Debug|Any CPU.ActiveCfg = Debug|Any CPU
		{3134B362-A44B-4324-B196-EC4BE6FAF421}.Debug|Any CPU.Build.0 = Debug|Any CPU
		{3134B362-A44B-4324-B196-EC4BE6FAF421}.Release|Any CPU.ActiveCfg = Release|Any CPU
		{3134B362-A44B-4324-B196-EC4BE6FAF421}.Release|Any CPU.Build.0 = Release|Any CPU
		{E5D1CE50-81FE-426D-9584-F5054B3CE2A6}.Debug|Any CPU.ActiveCfg = Debug|Any CPU
		{E5D1CE50-81FE-426D-9584-F5054B3CE2A6}.Debug|Any CPU.Build.0 = Debug|Any CPU
		{E5D1CE50-81FE-426D-9584-F5054B3CE2A6}.Release|Any CPU.ActiveCfg = Release|Any CPU
		{E5D1CE50-81FE-426D-9584-F5054B3CE2A6}.Release|Any CPU.Build.0 = Release|Any CPU
		{957D7D41-0539-431A-8B23-844F957B54B5}.Debug|Any CPU.ActiveCfg = Debug|Any CPU
		{957D7D41-0539-431A-8B23-844F957B54B5}.Debug|Any CPU.Build.0 = Debug|Any CPU
		{957D7D41-0539-431A-8B23-844F957B54B5}.Release|Any CPU.ActiveCfg = Release|Any CPU
		{957D7D41-0539-431A-8B23-844F957B54B5}.Release|Any CPU.Build.0 = Release|Any CPU
	EndGlobalSection
	GlobalSection(SolutionProperties) = preSolution
		HideSolutionNode = FALSE
	EndGlobalSection
	GlobalSection(ExtensibilityGlobals) = postSolution
		SolutionGuid = {16C6B5F8-9855-4B2E-9C91-D9E4C8A8FC04}
	EndGlobalSection
EndGlobal
