
Microsoft Visual Studio Solution File, Format Version 12.00
# Visual Studio Version 17
VisualStudioVersion = 17.3.32825.248
MinimumVisualStudioVersion = 10.0.40219.1
Project("{FAE04EC0-301F-11D3-BF4B-00C04F79EFBC}") = "02. Division", "02. Division.csproj", "{2CFEE0E6-B276-4147-9F89-6D7FAAA61AE9}"
EndProject
Project("{FAE04EC0-301F-11D3-BF4B-00C04F79EFBC}") = "03. Vacation", "..\03. Vacation\03. Vacation.csproj", "{A96B1842-B466-4DFD-BC47-89D3504F0EC8}"
EndProject
Global
	GlobalSection(SolutionConfigurationPlatforms) = preSolution
		Debug|Any CPU = Debug|Any CPU
		Release|Any CPU = Release|Any CPU
	EndGlobalSection
	GlobalSection(ProjectConfigurationPlatforms) = postSolution
		{2CFEE0E6-B276-4147-9F89-6D7FAAA61AE9}.Debug|Any CPU.ActiveCfg = Debug|Any CPU
		{2CFEE0E6-B276-4147-9F89-6D7FAAA61AE9}.Debug|Any CPU.Build.0 = Debug|Any CPU
		{2CFEE0E6-B276-4147-9F89-6D7FAAA61AE9}.Release|Any CPU.ActiveCfg = Release|Any CPU
		{2CFEE0E6-B276-4147-9F89-6D7FAAA61AE9}.Release|Any CPU.Build.0 = Release|Any CPU
		{A96B1842-B466-4DFD-BC47-89D3504F0EC8}.Debug|Any CPU.ActiveCfg = Debug|Any CPU
		{A96B1842-B466-4DFD-BC47-89D3504F0EC8}.Debug|Any CPU.Build.0 = Debug|Any CPU
		{A96B1842-B466-4DFD-BC47-89D3504F0EC8}.Release|Any CPU.ActiveCfg = Release|Any CPU
		{A96B1842-B466-4DFD-BC47-89D3504F0EC8}.Release|Any CPU.Build.0 = Release|Any CPU
	EndGlobalSection
	GlobalSection(SolutionProperties) = preSolution
		HideSolutionNode = FALSE
	EndGlobalSection
	GlobalSection(ExtensibilityGlobals) = postSolution
		SolutionGuid = {3D5D99C2-A1D8-42BA-847D-1B4912975ABF}
	EndGlobalSection
EndGlobal
