
Microsoft Visual Studio Solution File, Format Version 12.00
# Visual Studio Version 17
VisualStudioVersion = 17.3.32825.248
MinimumVisualStudioVersion = 10.0.40219.1
Project("{9A19103F-16F7-4668-BE54-9A1E7A4F7556}") = "01. Day of Week", "01. Day of Week\01. Day of Week.csproj", "{9804E1B7-0E85-4C49-BF4B-26FD304F1C9F}"
EndProject
Project("{9A19103F-16F7-4668-BE54-9A1E7A4F7556}") = "02.Weekend or Working Day", "02.Weekend or Working Day\02.Weekend or Working Day.csproj", "{8510EB08-C729-4BFB-AC50-461679847A09}"
EndProject
Project("{FAE04EC0-301F-11D3-BF4B-00C04F79EFBC}") = "03. New House", "03. New House\03. New House.csproj", "{5743E097-783C-471F-BC54-D5EA03B11219}"
EndProject
Project("{FAE04EC0-301F-11D3-BF4B-00C04F79EFBC}") = "01. Cinema", "01. Cinema\01. Cinema.csproj", "{B5B2BBF9-9BE7-4B88-97DA-5EB8D20E4DC6}"
EndProject
Project("{FAE04EC0-301F-11D3-BF4B-00C04F79EFBC}") = "02. SummerOutfit", "02. SummerOutfit\02. SummerOutfit.csproj", "{B8982D82-215C-4B24-966B-C0D1E815DD39}"
EndProject
Project("{FAE04EC0-301F-11D3-BF4B-00C04F79EFBC}") = "07. Hotel Room", "07. Hotel Room\07. Hotel Room.csproj", "{7524DF80-774E-4A8D-8F2F-2C1FE3CEF143}"
EndProject
Project("{FAE04EC0-301F-11D3-BF4B-00C04F79EFBC}") = "09. Ski Trip", "09. Ski Trip\09. Ski Trip.csproj", "{52DAD81A-7C2E-4414-9406-F7CF122997F1}"
EndProject
Project("{FAE04EC0-301F-11D3-BF4B-00C04F79EFBC}") = "04. Fishing Boat", "04. Fishing Boat\04. Fishing Boat.csproj", "{6F36B484-2595-405D-8493-3804D7022354}"
EndProject
Project("{FAE04EC0-301F-11D3-BF4B-00C04F79EFBC}") = "08. On Time for the Exam", "08. On Time for the Exam\08. On Time for the Exam.csproj", "{D4EF3164-FD5E-42D9-9B88-7716341B2E12}"
EndProject
Project("{FAE04EC0-301F-11D3-BF4B-00C04F79EFBC}") = "05. Journey", "05. Journey\05. Journey.csproj", "{5C8832DD-1731-432C-AED2-22D8706E9A19}"
EndProject
Project("{FAE04EC0-301F-11D3-BF4B-00C04F79EFBC}") = "06. Operations Between Numbers", "06. Operations Between Numbers\06. Operations Between Numbers.csproj", "{430A9D79-612B-465A-9C50-FD1FC5E79E07}"
EndProject
Project("{FAE04EC0-301F-11D3-BF4B-00C04F79EFBC}") = "03. Animal Type", "03. Animal Type\03. Animal Type.csproj", "{2E055A90-819E-4786-86F1-CE17C1DDC7D8}"
EndProject
Project("{FAE04EC0-301F-11D3-BF4B-00C04F79EFBC}") = "04. Personal Titles", "04. Personal Titles\04. Personal Titles.csproj", "{BF934442-0E2B-47EC-B829-98FAB355D4AC}"
EndProject
Project("{FAE04EC0-301F-11D3-BF4B-00C04F79EFBC}") = "05. Small Shop", "05. Small Shop\05. Small Shop.csproj", "{70A2A348-1FD9-48D5-892E-F288600E2E2A}"
EndProject
Project("{FAE04EC0-301F-11D3-BF4B-00C04F79EFBC}") = "06.NumberRange", "06.NumberRange\06.NumberRange.csproj", "{AFD9224B-7F3D-4ABE-9DAF-19E24020BFA3}"
EndProject
Project("{FAE04EC0-301F-11D3-BF4B-00C04F79EFBC}") = "07.Working Hours", "07.Working Hours\07.Working Hours.csproj", "{1877EAF9-8191-4B58-9B04-630D84599990}"
EndProject
Project("{FAE04EC0-301F-11D3-BF4B-00C04F79EFBC}") = "08.Cinema Ticket", "08.Cinema Ticket\08.Cinema Ticket.csproj", "{EFEFDAFA-EFFE-4283-A78A-928F8E0E486A}"
EndProject
Project("{FAE04EC0-301F-11D3-BF4B-00C04F79EFBC}") = "09. Fruit or Vegetable", "09. Fruit or Vegetable\09. Fruit or Vegetable.csproj", "{DE1B0C0D-21DD-4609-AD81-5AECFBA7E393}"
EndProject
Project("{FAE04EC0-301F-11D3-BF4B-00C04F79EFBC}") = "10. Invalid Number", "10. Invalid Number\10. Invalid Number.csproj", "{FC81AB4B-CD78-4A08-ACDB-1D418BCC9D92}"
EndProject
Project("{FAE04EC0-301F-11D3-BF4B-00C04F79EFBC}") = "11. Fruit Shop", "11. Fruit Shop\11. Fruit Shop.csproj", "{A3794246-47A1-4DD7-B068-26A561886E9C}"
EndProject
Project("{FAE04EC0-301F-11D3-BF4B-00C04F79EFBC}") = "12. Trade Commissions", "12. Trade Commissions\12. Trade Commissions.csproj", "{7E7400AA-133B-435A-9892-5A7E8D98FE7F}"
EndProject
Global
	GlobalSection(SolutionConfigurationPlatforms) = preSolution
		Debug|Any CPU = Debug|Any CPU
		Release|Any CPU = Release|Any CPU
	EndGlobalSection
	GlobalSection(ProjectConfigurationPlatforms) = postSolution
		{9804E1B7-0E85-4C49-BF4B-26FD304F1C9F}.Debug|Any CPU.ActiveCfg = Debug|Any CPU
		{9804E1B7-0E85-4C49-BF4B-26FD304F1C9F}.Debug|Any CPU.Build.0 = Debug|Any CPU
		{9804E1B7-0E85-4C49-BF4B-26FD304F1C9F}.Release|Any CPU.ActiveCfg = Release|Any CPU
		{9804E1B7-0E85-4C49-BF4B-26FD304F1C9F}.Release|Any CPU.Build.0 = Release|Any CPU
		{8510EB08-C729-4BFB-AC50-461679847A09}.Debug|Any CPU.ActiveCfg = Debug|Any CPU
		{8510EB08-C729-4BFB-AC50-461679847A09}.Debug|Any CPU.Build.0 = Debug|Any CPU
		{8510EB08-C729-4BFB-AC50-461679847A09}.Release|Any CPU.ActiveCfg = Release|Any CPU
		{8510EB08-C729-4BFB-AC50-461679847A09}.Release|Any CPU.Build.0 = Release|Any CPU
		{5743E097-783C-471F-BC54-D5EA03B11219}.Debug|Any CPU.ActiveCfg = Debug|Any CPU
		{5743E097-783C-471F-BC54-D5EA03B11219}.Debug|Any CPU.Build.0 = Debug|Any CPU
		{5743E097-783C-471F-BC54-D5EA03B11219}.Release|Any CPU.ActiveCfg = Release|Any CPU
		{5743E097-783C-471F-BC54-D5EA03B11219}.Release|Any CPU.Build.0 = Release|Any CPU
		{B5B2BBF9-9BE7-4B88-97DA-5EB8D20E4DC6}.Debug|Any CPU.ActiveCfg = Debug|Any CPU
		{B5B2BBF9-9BE7-4B88-97DA-5EB8D20E4DC6}.Debug|Any CPU.Build.0 = Debug|Any CPU
		{B5B2BBF9-9BE7-4B88-97DA-5EB8D20E4DC6}.Release|Any CPU.ActiveCfg = Release|Any CPU
		{B5B2BBF9-9BE7-4B88-97DA-5EB8D20E4DC6}.Release|Any CPU.Build.0 = Release|Any CPU
		{B8982D82-215C-4B24-966B-C0D1E815DD39}.Debug|Any CPU.ActiveCfg = Debug|Any CPU
		{B8982D82-215C-4B24-966B-C0D1E815DD39}.Debug|Any CPU.Build.0 = Debug|Any CPU
		{B8982D82-215C-4B24-966B-C0D1E815DD39}.Release|Any CPU.ActiveCfg = Release|Any CPU
		{B8982D82-215C-4B24-966B-C0D1E815DD39}.Release|Any CPU.Build.0 = Release|Any CPU
		{7524DF80-774E-4A8D-8F2F-2C1FE3CEF143}.Debug|Any CPU.ActiveCfg = Debug|Any CPU
		{7524DF80-774E-4A8D-8F2F-2C1FE3CEF143}.Debug|Any CPU.Build.0 = Debug|Any CPU
		{7524DF80-774E-4A8D-8F2F-2C1FE3CEF143}.Release|Any CPU.ActiveCfg = Release|Any CPU
		{7524DF80-774E-4A8D-8F2F-2C1FE3CEF143}.Release|Any CPU.Build.0 = Release|Any CPU
		{52DAD81A-7C2E-4414-9406-F7CF122997F1}.Debug|Any CPU.ActiveCfg = Debug|Any CPU
		{52DAD81A-7C2E-4414-9406-F7CF122997F1}.Debug|Any CPU.Build.0 = Debug|Any CPU
		{52DAD81A-7C2E-4414-9406-F7CF122997F1}.Release|Any CPU.ActiveCfg = Release|Any CPU
		{52DAD81A-7C2E-4414-9406-F7CF122997F1}.Release|Any CPU.Build.0 = Release|Any CPU
		{6F36B484-2595-405D-8493-3804D7022354}.Debug|Any CPU.ActiveCfg = Debug|Any CPU
		{6F36B484-2595-405D-8493-3804D7022354}.Debug|Any CPU.Build.0 = Debug|Any CPU
		{6F36B484-2595-405D-8493-3804D7022354}.Release|Any CPU.ActiveCfg = Release|Any CPU
		{6F36B484-2595-405D-8493-3804D7022354}.Release|Any CPU.Build.0 = Release|Any CPU
		{D4EF3164-FD5E-42D9-9B88-7716341B2E12}.Debug|Any CPU.ActiveCfg = Debug|Any CPU
		{D4EF3164-FD5E-42D9-9B88-7716341B2E12}.Debug|Any CPU.Build.0 = Debug|Any CPU
		{D4EF3164-FD5E-42D9-9B88-7716341B2E12}.Release|Any CPU.ActiveCfg = Release|Any CPU
		{D4EF3164-FD5E-42D9-9B88-7716341B2E12}.Release|Any CPU.Build.0 = Release|Any CPU
		{5C8832DD-1731-432C-AED2-22D8706E9A19}.Debug|Any CPU.ActiveCfg = Debug|Any CPU
		{5C8832DD-1731-432C-AED2-22D8706E9A19}.Debug|Any CPU.Build.0 = Debug|Any CPU
		{5C8832DD-1731-432C-AED2-22D8706E9A19}.Release|Any CPU.ActiveCfg = Release|Any CPU
		{5C8832DD-1731-432C-AED2-22D8706E9A19}.Release|Any CPU.Build.0 = Release|Any CPU
		{430A9D79-612B-465A-9C50-FD1FC5E79E07}.Debug|Any CPU.ActiveCfg = Debug|Any CPU
		{430A9D79-612B-465A-9C50-FD1FC5E79E07}.Debug|Any CPU.Build.0 = Debug|Any CPU
		{430A9D79-612B-465A-9C50-FD1FC5E79E07}.Release|Any CPU.ActiveCfg = Release|Any CPU
		{430A9D79-612B-465A-9C50-FD1FC5E79E07}.Release|Any CPU.Build.0 = Release|Any CPU
		{2E055A90-819E-4786-86F1-CE17C1DDC7D8}.Debug|Any CPU.ActiveCfg = Debug|Any CPU
		{2E055A90-819E-4786-86F1-CE17C1DDC7D8}.Debug|Any CPU.Build.0 = Debug|Any CPU
		{2E055A90-819E-4786-86F1-CE17C1DDC7D8}.Release|Any CPU.ActiveCfg = Release|Any CPU
		{2E055A90-819E-4786-86F1-CE17C1DDC7D8}.Release|Any CPU.Build.0 = Release|Any CPU
		{BF934442-0E2B-47EC-B829-98FAB355D4AC}.Debug|Any CPU.ActiveCfg = Debug|Any CPU
		{BF934442-0E2B-47EC-B829-98FAB355D4AC}.Debug|Any CPU.Build.0 = Debug|Any CPU
		{BF934442-0E2B-47EC-B829-98FAB355D4AC}.Release|Any CPU.ActiveCfg = Release|Any CPU
		{BF934442-0E2B-47EC-B829-98FAB355D4AC}.Release|Any CPU.Build.0 = Release|Any CPU
		{70A2A348-1FD9-48D5-892E-F288600E2E2A}.Debug|Any CPU.ActiveCfg = Debug|Any CPU
		{70A2A348-1FD9-48D5-892E-F288600E2E2A}.Debug|Any CPU.Build.0 = Debug|Any CPU
		{70A2A348-1FD9-48D5-892E-F288600E2E2A}.Release|Any CPU.ActiveCfg = Release|Any CPU
		{70A2A348-1FD9-48D5-892E-F288600E2E2A}.Release|Any CPU.Build.0 = Release|Any CPU
		{AFD9224B-7F3D-4ABE-9DAF-19E24020BFA3}.Debug|Any CPU.ActiveCfg = Debug|Any CPU
		{AFD9224B-7F3D-4ABE-9DAF-19E24020BFA3}.Debug|Any CPU.Build.0 = Debug|Any CPU
		{AFD9224B-7F3D-4ABE-9DAF-19E24020BFA3}.Release|Any CPU.ActiveCfg = Release|Any CPU
		{AFD9224B-7F3D-4ABE-9DAF-19E24020BFA3}.Release|Any CPU.Build.0 = Release|Any CPU
		{1877EAF9-8191-4B58-9B04-630D84599990}.Debug|Any CPU.ActiveCfg = Debug|Any CPU
		{1877EAF9-8191-4B58-9B04-630D84599990}.Debug|Any CPU.Build.0 = Debug|Any CPU
		{1877EAF9-8191-4B58-9B04-630D84599990}.Release|Any CPU.ActiveCfg = Release|Any CPU
		{1877EAF9-8191-4B58-9B04-630D84599990}.Release|Any CPU.Build.0 = Release|Any CPU
		{EFEFDAFA-EFFE-4283-A78A-928F8E0E486A}.Debug|Any CPU.ActiveCfg = Debug|Any CPU
		{EFEFDAFA-EFFE-4283-A78A-928F8E0E486A}.Debug|Any CPU.Build.0 = Debug|Any CPU
		{EFEFDAFA-EFFE-4283-A78A-928F8E0E486A}.Release|Any CPU.ActiveCfg = Release|Any CPU
		{EFEFDAFA-EFFE-4283-A78A-928F8E0E486A}.Release|Any CPU.Build.0 = Release|Any CPU
		{DE1B0C0D-21DD-4609-AD81-5AECFBA7E393}.Debug|Any CPU.ActiveCfg = Debug|Any CPU
		{DE1B0C0D-21DD-4609-AD81-5AECFBA7E393}.Debug|Any CPU.Build.0 = Debug|Any CPU
		{DE1B0C0D-21DD-4609-AD81-5AECFBA7E393}.Release|Any CPU.ActiveCfg = Release|Any CPU
		{DE1B0C0D-21DD-4609-AD81-5AECFBA7E393}.Release|Any CPU.Build.0 = Release|Any CPU
		{FC81AB4B-CD78-4A08-ACDB-1D418BCC9D92}.Debug|Any CPU.ActiveCfg = Debug|Any CPU
		{FC81AB4B-CD78-4A08-ACDB-1D418BCC9D92}.Debug|Any CPU.Build.0 = Debug|Any CPU
		{FC81AB4B-CD78-4A08-ACDB-1D418BCC9D92}.Release|Any CPU.ActiveCfg = Release|Any CPU
		{FC81AB4B-CD78-4A08-ACDB-1D418BCC9D92}.Release|Any CPU.Build.0 = Release|Any CPU
		{A3794246-47A1-4DD7-B068-26A561886E9C}.Debug|Any CPU.ActiveCfg = Debug|Any CPU
		{A3794246-47A1-4DD7-B068-26A561886E9C}.Debug|Any CPU.Build.0 = Debug|Any CPU
		{A3794246-47A1-4DD7-B068-26A561886E9C}.Release|Any CPU.ActiveCfg = Release|Any CPU
		{A3794246-47A1-4DD7-B068-26A561886E9C}.Release|Any CPU.Build.0 = Release|Any CPU
		{7E7400AA-133B-435A-9892-5A7E8D98FE7F}.Debug|Any CPU.ActiveCfg = Debug|Any CPU
		{7E7400AA-133B-435A-9892-5A7E8D98FE7F}.Debug|Any CPU.Build.0 = Debug|Any CPU
		{7E7400AA-133B-435A-9892-5A7E8D98FE7F}.Release|Any CPU.ActiveCfg = Release|Any CPU
		{7E7400AA-133B-435A-9892-5A7E8D98FE7F}.Release|Any CPU.Build.0 = Release|Any CPU
	EndGlobalSection
	GlobalSection(SolutionProperties) = preSolution
		HideSolutionNode = FALSE
	EndGlobalSection
	GlobalSection(ExtensibilityGlobals) = postSolution
		SolutionGuid = {57CE1952-1C87-496F-9F2C-4CD58A8CB09A}
	EndGlobalSection
EndGlobal
