
Microsoft Visual Studio Solution File, Format Version 12.00
# Visual Studio Version 17
VisualStudioVersion = 17.3.32825.248
MinimumVisualStudioVersion = 10.0.40219.1
Project("{FAE04EC0-301F-11D3-BF4B-00C04F79EFBC}") = "06. Barcode Generator", "06. Barcode Generator\06. Barcode Generator.csproj", "{9F858E1C-D95C-4BB2-B894-54CBB95BA6D0}"
EndProject
Project("{FAE04EC0-301F-11D3-BF4B-00C04F79EFBC}") = "01. Agency Profit", "01. Agency Profit\01. Agency Profit.csproj", "{A30543DF-96BE-4D14-ADC3-46F60CED7472}"
EndProject
Project("{FAE04EC0-301F-11D3-BF4B-00C04F79EFBC}") = "02. Add Bags", "02. Add Bags\02. Add Bags.csproj", "{F82E4543-CC9C-40C0-BE0D-4B0A135A6B55}"
EndProject
Project("{FAE04EC0-301F-11D3-BF4B-00C04F79EFBC}") = "03. Aluminum Joinery", "03. Aluminum Joinery\03. Aluminum Joinery.csproj", "{D7630845-CFB0-4D60-8D46-7C3DDEE7D0E1}"
EndProject
Project("{FAE04EC0-301F-11D3-BF4B-00C04F79EFBC}") = "04. Balls", "04. Balls\04. Balls.csproj", "{D4C0ACBF-3C83-4C38-89DA-00E0691CF2C1}"
EndProject
Project("{FAE04EC0-301F-11D3-BF4B-00C04F79EFBC}") = "05. Best Player", "05. Best Player\05. Best Player.csproj", "{4629386C-C843-4AF6-9DC0-6001B345CDA5}"
EndProject
Global
	GlobalSection(SolutionConfigurationPlatforms) = preSolution
		Debug|Any CPU = Debug|Any CPU
		Release|Any CPU = Release|Any CPU
	EndGlobalSection
	GlobalSection(ProjectConfigurationPlatforms) = postSolution
		{9F858E1C-D95C-4BB2-B894-54CBB95BA6D0}.Debug|Any CPU.ActiveCfg = Debug|Any CPU
		{9F858E1C-D95C-4BB2-B894-54CBB95BA6D0}.Debug|Any CPU.Build.0 = Debug|Any CPU
		{9F858E1C-D95C-4BB2-B894-54CBB95BA6D0}.Release|Any CPU.ActiveCfg = Release|Any CPU
		{9F858E1C-D95C-4BB2-B894-54CBB95BA6D0}.Release|Any CPU.Build.0 = Release|Any CPU
		{A30543DF-96BE-4D14-ADC3-46F60CED7472}.Debug|Any CPU.ActiveCfg = Debug|Any CPU
		{A30543DF-96BE-4D14-ADC3-46F60CED7472}.Debug|Any CPU.Build.0 = Debug|Any CPU
		{A30543DF-96BE-4D14-ADC3-46F60CED7472}.Release|Any CPU.ActiveCfg = Release|Any CPU
		{A30543DF-96BE-4D14-ADC3-46F60CED7472}.Release|Any CPU.Build.0 = Release|Any CPU
		{F82E4543-CC9C-40C0-BE0D-4B0A135A6B55}.Debug|Any CPU.ActiveCfg = Debug|Any CPU
		{F82E4543-CC9C-40C0-BE0D-4B0A135A6B55}.Debug|Any CPU.Build.0 = Debug|Any CPU
		{F82E4543-CC9C-40C0-BE0D-4B0A135A6B55}.Release|Any CPU.ActiveCfg = Release|Any CPU
		{F82E4543-CC9C-40C0-BE0D-4B0A135A6B55}.Release|Any CPU.Build.0 = Release|Any CPU
		{D7630845-CFB0-4D60-8D46-7C3DDEE7D0E1}.Debug|Any CPU.ActiveCfg = Debug|Any CPU
		{D7630845-CFB0-4D60-8D46-7C3DDEE7D0E1}.Debug|Any CPU.Build.0 = Debug|Any CPU
		{D7630845-CFB0-4D60-8D46-7C3DDEE7D0E1}.Release|Any CPU.ActiveCfg = Release|Any CPU
		{D7630845-CFB0-4D60-8D46-7C3DDEE7D0E1}.Release|Any CPU.Build.0 = Release|Any CPU
		{D4C0ACBF-3C83-4C38-89DA-00E0691CF2C1}.Debug|Any CPU.ActiveCfg = Debug|Any CPU
		{D4C0ACBF-3C83-4C38-89DA-00E0691CF2C1}.Debug|Any CPU.Build.0 = Debug|Any CPU
		{D4C0ACBF-3C83-4C38-89DA-00E0691CF2C1}.Release|Any CPU.ActiveCfg = Release|Any CPU
		{D4C0ACBF-3C83-4C38-89DA-00E0691CF2C1}.Release|Any CPU.Build.0 = Release|Any CPU
		{4629386C-C843-4AF6-9DC0-6001B345CDA5}.Debug|Any CPU.ActiveCfg = Debug|Any CPU
		{4629386C-C843-4AF6-9DC0-6001B345CDA5}.Debug|Any CPU.Build.0 = Debug|Any CPU
		{4629386C-C843-4AF6-9DC0-6001B345CDA5}.Release|Any CPU.ActiveCfg = Release|Any CPU
		{4629386C-C843-4AF6-9DC0-6001B345CDA5}.Release|Any CPU.Build.0 = Release|Any CPU
	EndGlobalSection
	GlobalSection(SolutionProperties) = preSolution
		HideSolutionNode = FALSE
	EndGlobalSection
	GlobalSection(ExtensibilityGlobals) = postSolution
		SolutionGuid = {74814772-4216-4D98-B979-690E5C64A210}
	EndGlobalSection
EndGlobal
